
Microsoft Visual Studio Solution File, Format Version 12.00
# Visual Studio Version 17
VisualStudioVersion = 17.4.33213.308
MinimumVisualStudioVersion = 10.0.40219.1
Project("{FAE04EC0-301F-11D3-BF4B-00C04F79EFBC}") = "FilmesAPI", "FilmesAPI\FilmesAPI.csproj", "{F01AF023-D710-42D8-9323-3E2973276256}"
EndProject
Global
	GlobalSection(SolutionConfigurationPlatforms) = preSolution
		Debug|Any CPU = Debug|Any CPU
		Release|Any CPU = Release|Any CPU
	EndGlobalSection
	GlobalSection(ProjectConfigurationPlatforms) = postSolution
		{F01AF023-D710-42D8-9323-3E2973276256}.Debug|Any CPU.ActiveCfg = Debug|Any CPU
		{F01AF023-D710-42D8-9323-3E2973276256}.Debug|Any CPU.Build.0 = Debug|Any CPU
		{F01AF023-D710-42D8-9323-3E2973276256}.Release|Any CPU.ActiveCfg = Release|Any CPU
		{F01AF023-D710-42D8-9323-3E2973276256}.Release|Any CPU.Build.0 = Release|Any CPU
	EndGlobalSection
	GlobalSection(SolutionProperties) = preSolution
		HideSolutionNode = FALSE
	EndGlobalSection
	GlobalSection(ExtensibilityGlobals) = postSolution
		SolutionGuid = {5962A4E9-E9D1-4E42-8905-0A616326AB58}
	EndGlobalSection
EndGlobal
